
Microsoft Visual Studio Solution File, Format Version 12.00
# Visual Studio 15
VisualStudioVersion = 15.0.28307.1340
MinimumVisualStudioVersion = 10.0.40219.1
Project("{9A19103F-16F7-4668-BE54-9A1E7A4F7556}") = "FinalProject.Core", "FinalProject.Core\FinalProject.Core.csproj", "{2596F73B-294D-4D68-93BF-018C4A8640B9}"
EndProject
Project("{9A19103F-16F7-4668-BE54-9A1E7A4F7556}") = "FinalProject.Business", "FinalProject.Business\FinalProject.Business.csproj", "{C261FF91-C121-4CE5-98A7-2C9AE6456ED5}"
EndProject
Project("{9A19103F-16F7-4668-BE54-9A1E7A4F7556}") = "FinalProject.DataAccess", "FinalProject.DataAccess\FinalProject.DataAccess.csproj", "{2CFEAEBF-850C-46A8-9E3A-9B47DDD49D0C}"
EndProject
Project("{9A19103F-16F7-4668-BE54-9A1E7A4F7556}") = "FinalProject.Entities", "FinalProject.Entities\FinalProject.Entities.csproj", "{97469A70-8D52-4198-87E2-EFA77C900471}"
EndProject
Project("{FAE04EC0-301F-11D3-BF4B-00C04F79EFBC}") = "FinalProject.MvcWebUI", "FinalProject.MvcWebUI\FinalProject.MvcWebUI.csproj", "{F310BBBA-B665-405B-9AFB-D7A106107E66}"
EndProject
Global
	GlobalSection(SolutionConfigurationPlatforms) = preSolution
		Debug|Any CPU = Debug|Any CPU
		Release|Any CPU = Release|Any CPU
	EndGlobalSection
	GlobalSection(ProjectConfigurationPlatforms) = postSolution
		{2596F73B-294D-4D68-93BF-018C4A8640B9}.Debug|Any CPU.ActiveCfg = Debug|Any CPU
		{2596F73B-294D-4D68-93BF-018C4A8640B9}.Debug|Any CPU.Build.0 = Debug|Any CPU
		{2596F73B-294D-4D68-93BF-018C4A8640B9}.Release|Any CPU.ActiveCfg = Release|Any CPU
		{2596F73B-294D-4D68-93BF-018C4A8640B9}.Release|Any CPU.Build.0 = Release|Any CPU
		{C261FF91-C121-4CE5-98A7-2C9AE6456ED5}.Debug|Any CPU.ActiveCfg = Debug|Any CPU
		{C261FF91-C121-4CE5-98A7-2C9AE6456ED5}.Debug|Any CPU.Build.0 = Debug|Any CPU
		{C261FF91-C121-4CE5-98A7-2C9AE6456ED5}.Release|Any CPU.ActiveCfg = Release|Any CPU
		{C261FF91-C121-4CE5-98A7-2C9AE6456ED5}.Release|Any CPU.Build.0 = Release|Any CPU
		{2CFEAEBF-850C-46A8-9E3A-9B47DDD49D0C}.Debug|Any CPU.ActiveCfg = Debug|Any CPU
		{2CFEAEBF-850C-46A8-9E3A-9B47DDD49D0C}.Debug|Any CPU.Build.0 = Debug|Any CPU
		{2CFEAEBF-850C-46A8-9E3A-9B47DDD49D0C}.Release|Any CPU.ActiveCfg = Release|Any CPU
		{2CFEAEBF-850C-46A8-9E3A-9B47DDD49D0C}.Release|Any CPU.Build.0 = Release|Any CPU
		{97469A70-8D52-4198-87E2-EFA77C900471}.Debug|Any CPU.ActiveCfg = Debug|Any CPU
		{97469A70-8D52-4198-87E2-EFA77C900471}.Debug|Any CPU.Build.0 = Debug|Any CPU
		{97469A70-8D52-4198-87E2-EFA77C900471}.Release|Any CPU.ActiveCfg = Release|Any CPU
		{97469A70-8D52-4198-87E2-EFA77C900471}.Release|Any CPU.Build.0 = Release|Any CPU
		{F310BBBA-B665-405B-9AFB-D7A106107E66}.Debug|Any CPU.ActiveCfg = Debug|Any CPU
		{F310BBBA-B665-405B-9AFB-D7A106107E66}.Debug|Any CPU.Build.0 = Debug|Any CPU
		{F310BBBA-B665-405B-9AFB-D7A106107E66}.Release|Any CPU.ActiveCfg = Release|Any CPU
		{F310BBBA-B665-405B-9AFB-D7A106107E66}.Release|Any CPU.Build.0 = Release|Any CPU
	EndGlobalSection
	GlobalSection(SolutionProperties) = preSolution
		HideSolutionNode = FALSE
	EndGlobalSection
	GlobalSection(ExtensibilityGlobals) = postSolution
		SolutionGuid = {A62F2F7E-12D2-4324-BB30-6A376E1114C7}
	EndGlobalSection
EndGlobal
